
Microsoft Visual Studio Solution File, Format Version 12.00
# Visual Studio 15
VisualStudioVersion = 15.0.28307.136
MinimumVisualStudioVersion = 10.0.40219.1
Project("{FAE04EC0-301F-11D3-BF4B-00C04F79EFBC}") = "Ch4ArrayExercises", "Ch4ArrayExercises\Ch4ArrayExercises.csproj", "{3E4C06E1-A618-4387-AE09-626E07527999}"
EndProject
Global
	GlobalSection(SolutionConfigurationPlatforms) = preSolution
		Debug|Any CPU = Debug|Any CPU
		Release|Any CPU = Release|Any CPU
	EndGlobalSection
	GlobalSection(ProjectConfigurationPlatforms) = postSolution
		{3E4C06E1-A618-4387-AE09-626E07527999}.Debug|Any CPU.ActiveCfg = Debug|Any CPU
		{3E4C06E1-A618-4387-AE09-626E07527999}.Debug|Any CPU.Build.0 = Debug|Any CPU
		{3E4C06E1-A618-4387-AE09-626E07527999}.Release|Any CPU.ActiveCfg = Release|Any CPU
		{3E4C06E1-A618-4387-AE09-626E07527999}.Release|Any CPU.Build.0 = Release|Any CPU
	EndGlobalSection
	GlobalSection(SolutionProperties) = preSolution
		HideSolutionNode = FALSE
	EndGlobalSection
	GlobalSection(ExtensibilityGlobals) = postSolution
		SolutionGuid = {7DDF843C-9EE6-49F2-BFBE-2C9E67AED0F4}
	EndGlobalSection
EndGlobal
